
Microsoft Visual Studio Solution File, Format Version 12.00
# Visual Studio Version 17
VisualStudioVersion = 17.11.35312.102
MinimumVisualStudioVersion = 10.0.40219.1
Project("{FAE04EC0-301F-11D3-BF4B-00C04F79EFBC}") = "AVLTree_Kursova", "AVLTree_Kursova.csproj", "{1F52ABFF-D1A6-4F22-987C-A004B764057D}"
EndProject
Global
	GlobalSection(SolutionConfigurationPlatforms) = preSolution
		Debug|Any CPU = Debug|Any CPU
		Release|Any CPU = Release|Any CPU
	EndGlobalSection
	GlobalSection(ProjectConfigurationPlatforms) = postSolution
		{1F52ABFF-D1A6-4F22-987C-A004B764057D}.Debug|Any CPU.ActiveCfg = Debug|Any CPU
		{1F52ABFF-D1A6-4F22-987C-A004B764057D}.Debug|Any CPU.Build.0 = Debug|Any CPU
		{1F52ABFF-D1A6-4F22-987C-A004B764057D}.Release|Any CPU.ActiveCfg = Release|Any CPU
		{1F52ABFF-D1A6-4F22-987C-A004B764057D}.Release|Any CPU.Build.0 = Release|Any CPU
	EndGlobalSection
	GlobalSection(SolutionProperties) = preSolution
		HideSolutionNode = FALSE
	EndGlobalSection
	GlobalSection(ExtensibilityGlobals) = postSolution
		SolutionGuid = {97B70810-8733-4078-BE55-50F341993D5B}
	EndGlobalSection
EndGlobal
